
Microsoft Visual Studio Solution File, Format Version 12.00
# Visual Studio Version 17
VisualStudioVersion = 17.5.33414.496
MinimumVisualStudioVersion = 10.0.40219.1
Project("{FAE04EC0-301F-11D3-BF4B-00C04F79EFBC}") = "Even Numbers", "Asynchronous Programming and Threads Lab\Even Numbers.csproj", "{D5FCDC4F-003A-46C1-845E-86AFC86016E3}"
EndProject
Project("{FAE04EC0-301F-11D3-BF4B-00C04F79EFBC}") = "Print Symbol", "2. Print Symbol\Print Symbol.csproj", "{6A3026CA-9E80-47F8-95F8-FF6D6C98AC6D}"
EndProject
Project("{FAE04EC0-301F-11D3-BF4B-00C04F79EFBC}") = "Forward and Back", "3. Forward and Back\Forward and Back.csproj", "{ABD59C29-94D4-4FFE-9DDD-8C4F72C3C9A9}"
EndProject
Project("{FAE04EC0-301F-11D3-BF4B-00C04F79EFBC}") = "Boom", "4. Boom\Boom.csproj", "{9D483AF3-6639-444D-8C15-84658450762B}"
EndProject
Global
	GlobalSection(SolutionConfigurationPlatforms) = preSolution
		Debug|Any CPU = Debug|Any CPU
		Release|Any CPU = Release|Any CPU
	EndGlobalSection
	GlobalSection(ProjectConfigurationPlatforms) = postSolution
		{D5FCDC4F-003A-46C1-845E-86AFC86016E3}.Debug|Any CPU.ActiveCfg = Debug|Any CPU
		{D5FCDC4F-003A-46C1-845E-86AFC86016E3}.Debug|Any CPU.Build.0 = Debug|Any CPU
		{D5FCDC4F-003A-46C1-845E-86AFC86016E3}.Release|Any CPU.ActiveCfg = Release|Any CPU
		{D5FCDC4F-003A-46C1-845E-86AFC86016E3}.Release|Any CPU.Build.0 = Release|Any CPU
		{6A3026CA-9E80-47F8-95F8-FF6D6C98AC6D}.Debug|Any CPU.ActiveCfg = Debug|Any CPU
		{6A3026CA-9E80-47F8-95F8-FF6D6C98AC6D}.Debug|Any CPU.Build.0 = Debug|Any CPU
		{6A3026CA-9E80-47F8-95F8-FF6D6C98AC6D}.Release|Any CPU.ActiveCfg = Release|Any CPU
		{6A3026CA-9E80-47F8-95F8-FF6D6C98AC6D}.Release|Any CPU.Build.0 = Release|Any CPU
		{ABD59C29-94D4-4FFE-9DDD-8C4F72C3C9A9}.Debug|Any CPU.ActiveCfg = Debug|Any CPU
		{ABD59C29-94D4-4FFE-9DDD-8C4F72C3C9A9}.Debug|Any CPU.Build.0 = Debug|Any CPU
		{ABD59C29-94D4-4FFE-9DDD-8C4F72C3C9A9}.Release|Any CPU.ActiveCfg = Release|Any CPU
		{ABD59C29-94D4-4FFE-9DDD-8C4F72C3C9A9}.Release|Any CPU.Build.0 = Release|Any CPU
		{9D483AF3-6639-444D-8C15-84658450762B}.Debug|Any CPU.ActiveCfg = Debug|Any CPU
		{9D483AF3-6639-444D-8C15-84658450762B}.Debug|Any CPU.Build.0 = Debug|Any CPU
		{9D483AF3-6639-444D-8C15-84658450762B}.Release|Any CPU.ActiveCfg = Release|Any CPU
		{9D483AF3-6639-444D-8C15-84658450762B}.Release|Any CPU.Build.0 = Release|Any CPU
	EndGlobalSection
	GlobalSection(SolutionProperties) = preSolution
		HideSolutionNode = FALSE
	EndGlobalSection
	GlobalSection(ExtensibilityGlobals) = postSolution
		SolutionGuid = {CF6B5F81-84D5-47EB-A9E2-1A8F3FB8C78C}
	EndGlobalSection
EndGlobal
