
Microsoft Visual Studio Solution File, Format Version 12.00
# Visual Studio Version 17
VisualStudioVersion = 17.1.32414.318
MinimumVisualStudioVersion = 10.0.40219.1
Project("{FAE04EC0-301F-11D3-BF4B-00C04F79EFBC}") = "Sorting Algorithms", "Sorting Algorithms\Sorting Algorithms.csproj", "{AA084F55-F500-479D-A5BF-9F953FF52095}"
EndProject
Global
	GlobalSection(SolutionConfigurationPlatforms) = preSolution
		Debug|Any CPU = Debug|Any CPU
		Release|Any CPU = Release|Any CPU
	EndGlobalSection
	GlobalSection(ProjectConfigurationPlatforms) = postSolution
		{AA084F55-F500-479D-A5BF-9F953FF52095}.Debug|Any CPU.ActiveCfg = Debug|Any CPU
		{AA084F55-F500-479D-A5BF-9F953FF52095}.Debug|Any CPU.Build.0 = Debug|Any CPU
		{AA084F55-F500-479D-A5BF-9F953FF52095}.Release|Any CPU.ActiveCfg = Release|Any CPU
		{AA084F55-F500-479D-A5BF-9F953FF52095}.Release|Any CPU.Build.0 = Release|Any CPU
	EndGlobalSection
	GlobalSection(SolutionProperties) = preSolution
		HideSolutionNode = FALSE
	EndGlobalSection
	GlobalSection(ExtensibilityGlobals) = postSolution
		SolutionGuid = {145E913F-C257-4431-804C-2E07500DB3F8}
	EndGlobalSection
EndGlobal
