
Microsoft Visual Studio Solution File, Format Version 12.00
Project("{FAE04EC0-301F-11D3-BF4B-00C04F79EFBC}") = "Combinatorics exercise", "Combinatorics exercise.csproj", "{050764F6-0A3C-4844-BD56-ABD5125D794C}"
EndProject
Global
	GlobalSection(SolutionConfigurationPlatforms) = preSolution
		Debug|Any CPU = Debug|Any CPU
		Release|Any CPU = Release|Any CPU
	EndGlobalSection
	GlobalSection(ProjectConfigurationPlatforms) = postSolution
		{050764F6-0A3C-4844-BD56-ABD5125D794C}.Debug|Any CPU.ActiveCfg = Debug|Any CPU
		{050764F6-0A3C-4844-BD56-ABD5125D794C}.Debug|Any CPU.Build.0 = Debug|Any CPU
		{050764F6-0A3C-4844-BD56-ABD5125D794C}.Release|Any CPU.ActiveCfg = Release|Any CPU
		{050764F6-0A3C-4844-BD56-ABD5125D794C}.Release|Any CPU.Build.0 = Release|Any CPU
	EndGlobalSection
EndGlobal
