
Microsoft Visual Studio Solution File, Format Version 12.00
# Visual Studio Version 17
VisualStudioVersion = 17.3.32811.315
MinimumVisualStudioVersion = 10.0.40219.1
Project("{FAE04EC0-301F-11D3-BF4B-00C04F79EFBC}") = "BouncingBall", "BouncingBall.csproj", "{0B80C92A-188E-4356-A478-88B08DFD3AB2}"
EndProject
Global
	GlobalSection(SolutionConfigurationPlatforms) = preSolution
		Debug|Any CPU = Debug|Any CPU
		Release|Any CPU = Release|Any CPU
	EndGlobalSection
	GlobalSection(ProjectConfigurationPlatforms) = postSolution
		{0B80C92A-188E-4356-A478-88B08DFD3AB2}.Debug|Any CPU.ActiveCfg = Debug|Any CPU
		{0B80C92A-188E-4356-A478-88B08DFD3AB2}.Debug|Any CPU.Build.0 = Debug|Any CPU
		{0B80C92A-188E-4356-A478-88B08DFD3AB2}.Release|Any CPU.ActiveCfg = Release|Any CPU
		{0B80C92A-188E-4356-A478-88B08DFD3AB2}.Release|Any CPU.Build.0 = Release|Any CPU
	EndGlobalSection
	GlobalSection(SolutionProperties) = preSolution
		HideSolutionNode = FALSE
	EndGlobalSection
	GlobalSection(ExtensibilityGlobals) = postSolution
		SolutionGuid = {81221844-33E1-44EE-9C05-1C1237EF4421}
	EndGlobalSection
EndGlobal
