
Microsoft Visual Studio Solution File, Format Version 12.00
# Visual Studio Version 17
VisualStudioVersion = 17.5.33414.496
MinimumVisualStudioVersion = 10.0.40219.1
Project("{FAE04EC0-301F-11D3-BF4B-00C04F79EFBC}") = "HappyNumber", "HappyNumber\HappyNumber.csproj", "{0185D416-32F6-44C0-835D-4D4F51A3E9DD}"
EndProject
Global
	GlobalSection(SolutionConfigurationPlatforms) = preSolution
		Debug|Any CPU = Debug|Any CPU
		Release|Any CPU = Release|Any CPU
	EndGlobalSection
	GlobalSection(ProjectConfigurationPlatforms) = postSolution
		{0185D416-32F6-44C0-835D-4D4F51A3E9DD}.Debug|Any CPU.ActiveCfg = Debug|Any CPU
		{0185D416-32F6-44C0-835D-4D4F51A3E9DD}.Debug|Any CPU.Build.0 = Debug|Any CPU
		{0185D416-32F6-44C0-835D-4D4F51A3E9DD}.Release|Any CPU.ActiveCfg = Release|Any CPU
		{0185D416-32F6-44C0-835D-4D4F51A3E9DD}.Release|Any CPU.Build.0 = Release|Any CPU
	EndGlobalSection
	GlobalSection(SolutionProperties) = preSolution
		HideSolutionNode = FALSE
	EndGlobalSection
	GlobalSection(ExtensibilityGlobals) = postSolution
		SolutionGuid = {38F75331-A315-4ED2-963F-1728EA20FA01}
	EndGlobalSection
EndGlobal
