
Microsoft Visual Studio Solution File, Format Version 12.00
# Visual Studio Version 17
VisualStudioVersion = 17.4.33110.190
MinimumVisualStudioVersion = 10.0.40219.1
Project("{FAE04EC0-301F-11D3-BF4B-00C04F79EFBC}") = "Employees", "Employees\Employees.csproj", "{C0C838D8-CA6E-418D-8470-3B30753905D8}"
EndProject
Project("{FAE04EC0-301F-11D3-BF4B-00C04F79EFBC}") = "Creating Constructors", "Creating Constructors\Creating Constructors.csproj", "{BAF3042D-61E0-4291-BC2B-9EECC1C87D4D}"
EndProject
Global
	GlobalSection(SolutionConfigurationPlatforms) = preSolution
		Debug|Any CPU = Debug|Any CPU
		Release|Any CPU = Release|Any CPU
	EndGlobalSection
	GlobalSection(ProjectConfigurationPlatforms) = postSolution
		{C0C838D8-CA6E-418D-8470-3B30753905D8}.Debug|Any CPU.ActiveCfg = Debug|Any CPU
		{C0C838D8-CA6E-418D-8470-3B30753905D8}.Debug|Any CPU.Build.0 = Debug|Any CPU
		{C0C838D8-CA6E-418D-8470-3B30753905D8}.Release|Any CPU.ActiveCfg = Release|Any CPU
		{C0C838D8-CA6E-418D-8470-3B30753905D8}.Release|Any CPU.Build.0 = Release|Any CPU
		{BAF3042D-61E0-4291-BC2B-9EECC1C87D4D}.Debug|Any CPU.ActiveCfg = Debug|Any CPU
		{BAF3042D-61E0-4291-BC2B-9EECC1C87D4D}.Debug|Any CPU.Build.0 = Debug|Any CPU
		{BAF3042D-61E0-4291-BC2B-9EECC1C87D4D}.Release|Any CPU.ActiveCfg = Release|Any CPU
		{BAF3042D-61E0-4291-BC2B-9EECC1C87D4D}.Release|Any CPU.Build.0 = Release|Any CPU
	EndGlobalSection
	GlobalSection(SolutionProperties) = preSolution
		HideSolutionNode = FALSE
	EndGlobalSection
	GlobalSection(ExtensibilityGlobals) = postSolution
		SolutionGuid = {EBF150E1-3A04-4A33-ADFB-59170ADED38C}
	EndGlobalSection
EndGlobal
