
Microsoft Visual Studio Solution File, Format Version 12.00
# Visual Studio Version 17
VisualStudioVersion = 17.5.33414.496
MinimumVisualStudioVersion = 10.0.40219.1
Project("{FAE04EC0-301F-11D3-BF4B-00C04F79EFBC}") = "Reserve Seat on a Train", "Reserve Seat on a Train\Reserve Seat on a Train.csproj", "{8AAC714D-68B0-4EF3-B977-A05DF5E061C6}"
EndProject
Global
	GlobalSection(SolutionConfigurationPlatforms) = preSolution
		Debug|Any CPU = Debug|Any CPU
		Release|Any CPU = Release|Any CPU
	EndGlobalSection
	GlobalSection(ProjectConfigurationPlatforms) = postSolution
		{8AAC714D-68B0-4EF3-B977-A05DF5E061C6}.Debug|Any CPU.ActiveCfg = Debug|Any CPU
		{8AAC714D-68B0-4EF3-B977-A05DF5E061C6}.Debug|Any CPU.Build.0 = Debug|Any CPU
		{8AAC714D-68B0-4EF3-B977-A05DF5E061C6}.Release|Any CPU.ActiveCfg = Release|Any CPU
		{8AAC714D-68B0-4EF3-B977-A05DF5E061C6}.Release|Any CPU.Build.0 = Release|Any CPU
	EndGlobalSection
	GlobalSection(SolutionProperties) = preSolution
		HideSolutionNode = FALSE
	EndGlobalSection
	GlobalSection(ExtensibilityGlobals) = postSolution
		SolutionGuid = {5ED6B82C-FB82-4BFA-8C80-1003A98AB90B}
	EndGlobalSection
EndGlobal
