
Microsoft Visual Studio Solution File, Format Version 12.00
# Visual Studio Version 17
VisualStudioVersion = 17.5.33414.496
MinimumVisualStudioVersion = 10.0.40219.1
Project("{9A19103F-16F7-4668-BE54-9A1E7A4F7556}") = "Prototype", "Prototype\Prototype.csproj", "{F5FC9EC5-6425-440E-AA4E-185F65F85676}"
EndProject
Project("{FAE04EC0-301F-11D3-BF4B-00C04F79EFBC}") = "Composite", "Composite\Composite.csproj", "{F1CF1257-F3EB-41D4-9CD9-538EC4CF9154}"
EndProject
Project("{FAE04EC0-301F-11D3-BF4B-00C04F79EFBC}") = "Template-Pattern", "Template-Pattern\Template-Pattern.csproj", "{6FA0DC79-A33F-41E4-9BAA-4691728032BA}"
EndProject
Global
	GlobalSection(SolutionConfigurationPlatforms) = preSolution
		Debug|Any CPU = Debug|Any CPU
		Release|Any CPU = Release|Any CPU
	EndGlobalSection
	GlobalSection(ProjectConfigurationPlatforms) = postSolution
		{F5FC9EC5-6425-440E-AA4E-185F65F85676}.Debug|Any CPU.ActiveCfg = Debug|Any CPU
		{F5FC9EC5-6425-440E-AA4E-185F65F85676}.Debug|Any CPU.Build.0 = Debug|Any CPU
		{F5FC9EC5-6425-440E-AA4E-185F65F85676}.Release|Any CPU.ActiveCfg = Release|Any CPU
		{F5FC9EC5-6425-440E-AA4E-185F65F85676}.Release|Any CPU.Build.0 = Release|Any CPU
		{F1CF1257-F3EB-41D4-9CD9-538EC4CF9154}.Debug|Any CPU.ActiveCfg = Debug|Any CPU
		{F1CF1257-F3EB-41D4-9CD9-538EC4CF9154}.Debug|Any CPU.Build.0 = Debug|Any CPU
		{F1CF1257-F3EB-41D4-9CD9-538EC4CF9154}.Release|Any CPU.ActiveCfg = Release|Any CPU
		{F1CF1257-F3EB-41D4-9CD9-538EC4CF9154}.Release|Any CPU.Build.0 = Release|Any CPU
		{6FA0DC79-A33F-41E4-9BAA-4691728032BA}.Debug|Any CPU.ActiveCfg = Debug|Any CPU
		{6FA0DC79-A33F-41E4-9BAA-4691728032BA}.Debug|Any CPU.Build.0 = Debug|Any CPU
		{6FA0DC79-A33F-41E4-9BAA-4691728032BA}.Release|Any CPU.ActiveCfg = Release|Any CPU
		{6FA0DC79-A33F-41E4-9BAA-4691728032BA}.Release|Any CPU.Build.0 = Release|Any CPU
	EndGlobalSection
	GlobalSection(SolutionProperties) = preSolution
		HideSolutionNode = FALSE
	EndGlobalSection
	GlobalSection(ExtensibilityGlobals) = postSolution
		SolutionGuid = {3B3290D2-12AB-4DF8-9EEE-154AB2DFB319}
	EndGlobalSection
EndGlobal
